// !$*UTF8*$!
{
	archiveVersion = 1;
	classes = {
	};
	objectVersion = 46;
	objects = {

/* Begin PBXBuildFile section */
		2008A3FA1A1FA9030010BD02 /* MapKit.framework in Frameworks */ = {isa = PBXBuildFile; fileRef = 2008A3F91A1FA9030010BD02 /* MapKit.framework */; };
		203568D11A07273400EDD5FA /* SignUpViewController.swift in Sources */ = {isa = PBXBuildFile; fileRef = 203568D01A07273400EDD5FA /* SignUpViewController.swift */; };
		20AA7BCC19D22C5300960290 /* AppDelegate.swift in Sources */ = {isa = PBXBuildFile; fileRef = 20AA7BCB19D22C5300960290 /* AppDelegate.swift */; };
		20AA7BCE19D22C5300960290 /* ViewController.swift in Sources */ = {isa = PBXBuildFile; fileRef = 20AA7BCD19D22C5300960290 /* ViewController.swift */; };
		20AA7BD319D22C5300960290 /* Images.xcassets in Resources */ = {isa = PBXBuildFile; fileRef = 20AA7BD219D22C5300960290 /* Images.xcassets */; };
		20AA7BD619D22C5300960290 /* LaunchScreen.xib in Resources */ = {isa = PBXBuildFile; fileRef = 20AA7BD419D22C5300960290 /* LaunchScreen.xib */; };
		20AA7BE219D22C5300960290 /* GroupedTests.swift in Sources */ = {isa = PBXBuildFile; fileRef = 20AA7BE119D22C5300960290 /* GroupedTests.swift */; };
		20B9504019DB6160003BA007 /* CustomCell.swift in Sources */ = {isa = PBXBuildFile; fileRef = 20B9503F19DB6160003BA007 /* CustomCell.swift */; };
		20B9504219DB6253003BA007 /* FeedController.swift in Sources */ = {isa = PBXBuildFile; fileRef = 20B9504119DB6253003BA007 /* FeedController.swift */; };
		20B9504419DB6AD5003BA007 /* ProfileController.swift in Sources */ = {isa = PBXBuildFile; fileRef = 20B9504319DB6AD5003BA007 /* ProfileController.swift */; };
		20B9504619DB6E23003BA007 /* NewPostController.swift in Sources */ = {isa = PBXBuildFile; fileRef = 20B9504519DB6E23003BA007 /* NewPostController.swift */; };
		20E299D919F9FDA000C1A61D /* Bolts.framework in Frameworks */ = {isa = PBXBuildFile; fileRef = 20E299D719F9FDA000C1A61D /* Bolts.framework */; };
		20E299DA19F9FDA000C1A61D /* Parse.framework in Frameworks */ = {isa = PBXBuildFile; fileRef = 20E299D819F9FDA000C1A61D /* Parse.framework */; };
		20E299E519F9FE1F00C1A61D /* AudioToolbox.framework in Frameworks */ = {isa = PBXBuildFile; fileRef = 20E299DB19F9FE1F00C1A61D /* AudioToolbox.framework */; };
		20E299E619F9FE1F00C1A61D /* CFNetwork.framework in Frameworks */ = {isa = PBXBuildFile; fileRef = 20E299DC19F9FE1F00C1A61D /* CFNetwork.framework */; };
		20E299E719F9FE1F00C1A61D /* CoreGraphics.framework in Frameworks */ = {isa = PBXBuildFile; fileRef = 20E299DD19F9FE1F00C1A61D /* CoreGraphics.framework */; };
		20E299E819F9FE1F00C1A61D /* CoreLocation.framework in Frameworks */ = {isa = PBXBuildFile; fileRef = 20E299DE19F9FE1F00C1A61D /* CoreLocation.framework */; };
		20E299E919F9FE1F00C1A61D /* libz.dylib in Frameworks */ = {isa = PBXBuildFile; fileRef = 20E299DF19F9FE1F00C1A61D /* libz.dylib */; };
		20E299EA19F9FE1F00C1A61D /* MobileCoreServices.framework in Frameworks */ = {isa = PBXBuildFile; fileRef = 20E299E019F9FE1F00C1A61D /* MobileCoreServices.framework */; };
		20E299EB19F9FE1F00C1A61D /* QuartzCore.framework in Frameworks */ = {isa = PBXBuildFile; fileRef = 20E299E119F9FE1F00C1A61D /* QuartzCore.framework */; };
		20E299EC19F9FE1F00C1A61D /* Security.framework in Frameworks */ = {isa = PBXBuildFile; fileRef = 20E299E219F9FE1F00C1A61D /* Security.framework */; };
		20E299ED19F9FE1F00C1A61D /* StoreKit.framework in Frameworks */ = {isa = PBXBuildFile; fileRef = 20E299E319F9FE1F00C1A61D /* StoreKit.framework */; };
		20E299EE19F9FE1F00C1A61D /* SystemConfiguration.framework in Frameworks */ = {isa = PBXBuildFile; fileRef = 20E299E419F9FE1F00C1A61D /* SystemConfiguration.framework */; };
		522331D81A22F5F50071FF2B /* grouped_bigger_logo.png in Resources */ = {isa = PBXBuildFile; fileRef = 522331D71A22F5F50071FF2B /* grouped_bigger_logo.png */; };
		790C6A1C1A32C36000BFFA25 /* MenuForGroupFinding.swift in Sources */ = {isa = PBXBuildFile; fileRef = 790C6A1B1A32C36000BFFA25 /* MenuForGroupFinding.swift */; };
		791EC4631A0803F3006E208E /* User.swift in Sources */ = {isa = PBXBuildFile; fileRef = 791EC4621A0803F3006E208E /* User.swift */; };
		796CBE2A1A0809A300228A4F /* Group.swift in Sources */ = {isa = PBXBuildFile; fileRef = 796CBE291A0809A300228A4F /* Group.swift */; };
		79AB76831A18166300319EE2 /* CustomGroupCell.swift in Sources */ = {isa = PBXBuildFile; fileRef = 79AB76821A18166300319EE2 /* CustomGroupCell.swift */; };
		79F1D4AD1A1905E30011D5CF /* CreateGroupController.swift in Sources */ = {isa = PBXBuildFile; fileRef = 79F1D4AC1A1905E30011D5CF /* CreateGroupController.swift */; };
		79F1D4AF1A1997400011D5CF /* JoinGroupController.swift in Sources */ = {isa = PBXBuildFile; fileRef = 79F1D4AE1A1997400011D5CF /* JoinGroupController.swift */; };
		79F7640B1A17FD9B009D0283 /* Main.storyboard in Resources */ = {isa = PBXBuildFile; fileRef = 79F764091A17FD9B009D0283 /* Main.storyboard */; };
		79F7640D1A180B42009D0283 /* FindController.swift in Sources */ = {isa = PBXBuildFile; fileRef = 79F7640C1A180B42009D0283 /* FindController.swift */; };
/* End PBXBuildFile section */

/* Begin PBXContainerItemProxy section */
		20AA7BDC19D22C5300960290 /* PBXContainerItemProxy */ = {
			isa = PBXContainerItemProxy;
			containerPortal = 20AA7BBE19D22C5300960290 /* Project object */;
			proxyType = 1;
			remoteGlobalIDString = 20AA7BC519D22C5300960290;
			remoteInfo = Grouped;
		};
/* End PBXContainerItemProxy section */

/* Begin PBXFileReference section */
		2008A3F91A1FA9030010BD02 /* MapKit.framework */ = {isa = PBXFileReference; lastKnownFileType = wrapper.framework; name = MapKit.framework; path = System/Library/Frameworks/MapKit.framework; sourceTree = SDKROOT; };
		203568D01A07273400EDD5FA /* SignUpViewController.swift */ = {isa = PBXFileReference; fileEncoding = 4; lastKnownFileType = sourcecode.swift; path = SignUpViewController.swift; sourceTree = "<group>"; };
		20AA7BC619D22C5300960290 /* Grouped.app */ = {isa = PBXFileReference; explicitFileType = wrapper.application; includeInIndex = 0; path = Grouped.app; sourceTree = BUILT_PRODUCTS_DIR; };
		20AA7BCA19D22C5300960290 /* Info.plist */ = {isa = PBXFileReference; lastKnownFileType = text.plist.xml; path = Info.plist; sourceTree = "<group>"; };
		20AA7BCB19D22C5300960290 /* AppDelegate.swift */ = {isa = PBXFileReference; lastKnownFileType = sourcecode.swift; path = AppDelegate.swift; sourceTree = "<group>"; };
		20AA7BCD19D22C5300960290 /* ViewController.swift */ = {isa = PBXFileReference; lastKnownFileType = sourcecode.swift; path = ViewController.swift; sourceTree = "<group>"; };
		20AA7BD219D22C5300960290 /* Images.xcassets */ = {isa = PBXFileReference; lastKnownFileType = folder.assetcatalog; path = Images.xcassets; sourceTree = "<group>"; };
		20AA7BD519D22C5300960290 /* Base */ = {isa = PBXFileReference; lastKnownFileType = file.xib; name = Base; path = Base.lproj/LaunchScreen.xib; sourceTree = "<group>"; };
		20AA7BDB19D22C5300960290 /* GroupedTests.xctest */ = {isa = PBXFileReference; explicitFileType = wrapper.cfbundle; includeInIndex = 0; path = GroupedTests.xctest; sourceTree = BUILT_PRODUCTS_DIR; };
		20AA7BE019D22C5300960290 /* Info.plist */ = {isa = PBXFileReference; lastKnownFileType = text.plist.xml; path = Info.plist; sourceTree = "<group>"; };
		20AA7BE119D22C5300960290 /* GroupedTests.swift */ = {isa = PBXFileReference; lastKnownFileType = sourcecode.swift; path = GroupedTests.swift; sourceTree = "<group>"; };
		20B9503F19DB6160003BA007 /* CustomCell.swift */ = {isa = PBXFileReference; fileEncoding = 4; lastKnownFileType = sourcecode.swift; name = CustomCell.swift; path = ../CustomCell.swift; sourceTree = "<group>"; };
		20B9504119DB6253003BA007 /* FeedController.swift */ = {isa = PBXFileReference; fileEncoding = 4; lastKnownFileType = sourcecode.swift; path = FeedController.swift; sourceTree = "<group>"; };
		20B9504319DB6AD5003BA007 /* ProfileController.swift */ = {isa = PBXFileReference; fileEncoding = 4; lastKnownFileType = sourcecode.swift; path = ProfileController.swift; sourceTree = "<group>"; };
		20B9504519DB6E23003BA007 /* NewPostController.swift */ = {isa = PBXFileReference; fileEncoding = 4; lastKnownFileType = sourcecode.swift; path = NewPostController.swift; sourceTree = "<group>"; };
		20DA0F841A07206900D06ACA /* Grouped-Bridging-Header.h */ = {isa = PBXFileReference; fileEncoding = 4; lastKnownFileType = sourcecode.c.h; path = "Grouped-Bridging-Header.h"; sourceTree = "<group>"; };
		20E299D719F9FDA000C1A61D /* Bolts.framework */ = {isa = PBXFileReference; lastKnownFileType = wrapper.framework; path = Bolts.framework; sourceTree = "<group>"; };
		20E299D819F9FDA000C1A61D /* Parse.framework */ = {isa = PBXFileReference; lastKnownFileType = wrapper.framework; path = Parse.framework; sourceTree = "<group>"; };
		20E299DB19F9FE1F00C1A61D /* AudioToolbox.framework */ = {isa = PBXFileReference; lastKnownFileType = wrapper.framework; name = AudioToolbox.framework; path = System/Library/Frameworks/AudioToolbox.framework; sourceTree = SDKROOT; };
		20E299DC19F9FE1F00C1A61D /* CFNetwork.framework */ = {isa = PBXFileReference; lastKnownFileType = wrapper.framework; name = CFNetwork.framework; path = System/Library/Frameworks/CFNetwork.framework; sourceTree = SDKROOT; };
		20E299DD19F9FE1F00C1A61D /* CoreGraphics.framework */ = {isa = PBXFileReference; lastKnownFileType = wrapper.framework; name = CoreGraphics.framework; path = System/Library/Frameworks/CoreGraphics.framework; sourceTree = SDKROOT; };
		20E299DE19F9FE1F00C1A61D /* CoreLocation.framework */ = {isa = PBXFileReference; lastKnownFileType = wrapper.framework; name = CoreLocation.framework; path = System/Library/Frameworks/CoreLocation.framework; sourceTree = SDKROOT; };
		20E299DF19F9FE1F00C1A61D /* libz.dylib */ = {isa = PBXFileReference; lastKnownFileType = "compiled.mach-o.dylib"; name = libz.dylib; path = usr/lib/libz.dylib; sourceTree = SDKROOT; };
		20E299E019F9FE1F00C1A61D /* MobileCoreServices.framework */ = {isa = PBXFileReference; lastKnownFileType = wrapper.framework; name = MobileCoreServices.framework; path = System/Library/Frameworks/MobileCoreServices.framework; sourceTree = SDKROOT; };
		20E299E119F9FE1F00C1A61D /* QuartzCore.framework */ = {isa = PBXFileReference; lastKnownFileType = wrapper.framework; name = QuartzCore.framework; path = System/Library/Frameworks/QuartzCore.framework; sourceTree = SDKROOT; };
		20E299E219F9FE1F00C1A61D /* Security.framework */ = {isa = PBXFileReference; lastKnownFileType = wrapper.framework; name = Security.framework; path = System/Library/Frameworks/Security.framework; sourceTree = SDKROOT; };
		20E299E319F9FE1F00C1A61D /* StoreKit.framework */ = {isa = PBXFileReference; lastKnownFileType = wrapper.framework; name = StoreKit.framework; path = System/Library/Frameworks/StoreKit.framework; sourceTree = SDKROOT; };
		20E299E419F9FE1F00C1A61D /* SystemConfiguration.framework */ = {isa = PBXFileReference; lastKnownFileType = wrapper.framework; name = SystemConfiguration.framework; path = System/Library/Frameworks/SystemConfiguration.framework; sourceTree = SDKROOT; };
		522331D71A22F5F50071FF2B /* grouped_bigger_logo.png */ = {isa = PBXFileReference; lastKnownFileType = image.png; path = grouped_bigger_logo.png; sourceTree = "<group>"; };
		790C6A1B1A32C36000BFFA25 /* MenuForGroupFinding.swift */ = {isa = PBXFileReference; fileEncoding = 4; lastKnownFileType = sourcecode.swift; path = MenuForGroupFinding.swift; sourceTree = "<group>"; };
		791EC4621A0803F3006E208E /* User.swift */ = {isa = PBXFileReference; fileEncoding = 4; lastKnownFileType = sourcecode.swift; path = User.swift; sourceTree = "<group>"; };
		796CBE291A0809A300228A4F /* Group.swift */ = {isa = PBXFileReference; fileEncoding = 4; lastKnownFileType = sourcecode.swift; path = Group.swift; sourceTree = "<group>"; };
		79AB76821A18166300319EE2 /* CustomGroupCell.swift */ = {isa = PBXFileReference; fileEncoding = 4; lastKnownFileType = sourcecode.swift; path = CustomGroupCell.swift; sourceTree = "<group>"; };
		79F1D4AC1A1905E30011D5CF /* CreateGroupController.swift */ = {isa = PBXFileReference; fileEncoding = 4; lastKnownFileType = sourcecode.swift; path = CreateGroupController.swift; sourceTree = "<group>"; };
		79F1D4AE1A1997400011D5CF /* JoinGroupController.swift */ = {isa = PBXFileReference; fileEncoding = 4; lastKnownFileType = sourcecode.swift; path = JoinGroupController.swift; sourceTree = "<group>"; };
		79F7640A1A17FD9B009D0283 /* Base */ = {isa = PBXFileReference; lastKnownFileType = file.storyboard; name = Base; path = Grouped/Base.lproj/Main.storyboard; sourceTree = "<group>"; };
		79F7640C1A180B42009D0283 /* FindController.swift */ = {isa = PBXFileReference; fileEncoding = 4; lastKnownFileType = sourcecode.swift; path = FindController.swift; sourceTree = "<group>"; };
/* End PBXFileReference section */

/* Begin PBXFrameworksBuildPhase section */
		20AA7BC319D22C5300960290 /* Frameworks */ = {
			isa = PBXFrameworksBuildPhase;
			buildActionMask = 2147483647;
			files = (
				20E299E519F9FE1F00C1A61D /* AudioToolbox.framework in Frameworks */,
				20E299E619F9FE1F00C1A61D /* CFNetwork.framework in Frameworks */,
				20E299E719F9FE1F00C1A61D /* CoreGraphics.framework in Frameworks */,
				20E299E819F9FE1F00C1A61D /* CoreLocation.framework in Frameworks */,
				20E299E919F9FE1F00C1A61D /* libz.dylib in Frameworks */,
				20E299EA19F9FE1F00C1A61D /* MobileCoreServices.framework in Frameworks */,
				20E299EB19F9FE1F00C1A61D /* QuartzCore.framework in Frameworks */,
				2008A3FA1A1FA9030010BD02 /* MapKit.framework in Frameworks */,
				20E299EC19F9FE1F00C1A61D /* Security.framework in Frameworks */,
				20E299ED19F9FE1F00C1A61D /* StoreKit.framework in Frameworks */,
				20E299EE19F9FE1F00C1A61D /* SystemConfiguration.framework in Frameworks */,
				20E299DA19F9FDA000C1A61D /* Parse.framework in Frameworks */,
				20E299D919F9FDA000C1A61D /* Bolts.framework in Frameworks */,
			);
			runOnlyForDeploymentPostprocessing = 0;
		};
		20AA7BD819D22C5300960290 /* Frameworks */ = {
			isa = PBXFrameworksBuildPhase;
			buildActionMask = 2147483647;
			files = (
			);
			runOnlyForDeploymentPostprocessing = 0;
		};
/* End PBXFrameworksBuildPhase section */

/* Begin PBXGroup section */
		20AA7BBD19D22C5300960290 = {
			isa = PBXGroup;
			children = (
				20DA0F831A071F1A00D06ACA /* Frameworks */,
				20AA7BC819D22C5300960290 /* Grouped */,
				20AA7BDE19D22C5300960290 /* GroupedTests */,
				20AA7BC719D22C5300960290 /* Products */,
			);
			sourceTree = "<group>";
		};
		20AA7BC719D22C5300960290 /* Products */ = {
			isa = PBXGroup;
			children = (
				20AA7BC619D22C5300960290 /* Grouped.app */,
				20AA7BDB19D22C5300960290 /* GroupedTests.xctest */,
			);
			name = Products;
			sourceTree = "<group>";
		};
		20AA7BC819D22C5300960290 /* Grouped */ = {
			isa = PBXGroup;
			children = (
				20DA0F841A07206900D06ACA /* Grouped-Bridging-Header.h */,
				20AA7BCB19D22C5300960290 /* AppDelegate.swift */,
				20AA7BD219D22C5300960290 /* Images.xcassets */,
				20AA7BD419D22C5300960290 /* LaunchScreen.xib */,
				79F764091A17FD9B009D0283 /* Main.storyboard */,
				20AA7BCD19D22C5300960290 /* ViewController.swift */,
				203568D01A07273400EDD5FA /* SignUpViewController.swift */,
				20B9504319DB6AD5003BA007 /* ProfileController.swift */,
				79AB76821A18166300319EE2 /* CustomGroupCell.swift */,
				79F7640C1A180B42009D0283 /* FindController.swift */,
				790C6A1B1A32C36000BFFA25 /* MenuForGroupFinding.swift */,
				79F1D4AC1A1905E30011D5CF /* CreateGroupController.swift */,
				79F1D4AE1A1997400011D5CF /* JoinGroupController.swift */,
				20B9503F19DB6160003BA007 /* CustomCell.swift */,
				20B9504119DB6253003BA007 /* FeedController.swift */,
				20B9504519DB6E23003BA007 /* NewPostController.swift */,
				791EC4621A0803F3006E208E /* User.swift */,
				796CBE291A0809A300228A4F /* Group.swift */,
				20AA7BC919D22C5300960290 /* Supporting Files */,
			);
			path = Grouped;
			sourceTree = "<group>";
		};
		20AA7BC919D22C5300960290 /* Supporting Files */ = {
			isa = PBXGroup;
			children = (
				522331D71A22F5F50071FF2B /* grouped_bigger_logo.png */,
				20AA7BCA19D22C5300960290 /* Info.plist */,
			);
			name = "Supporting Files";
			sourceTree = "<group>";
		};
		20AA7BDE19D22C5300960290 /* GroupedTests */ = {
			isa = PBXGroup;
			children = (
				20AA7BE119D22C5300960290 /* GroupedTests.swift */,
				20AA7BDF19D22C5300960290 /* Supporting Files */,
			);
			path = GroupedTests;
			sourceTree = "<group>";
		};
		20AA7BDF19D22C5300960290 /* Supporting Files */ = {
			isa = PBXGroup;
			children = (
				20AA7BE019D22C5300960290 /* Info.plist */,
			);
			name = "Supporting Files";
			sourceTree = "<group>";
		};
		20DA0F831A071F1A00D06ACA /* Frameworks */ = {
			isa = PBXGroup;
			children = (
				2008A3F91A1FA9030010BD02 /* MapKit.framework */,
				20E299DB19F9FE1F00C1A61D /* AudioToolbox.framework */,
				20E299DC19F9FE1F00C1A61D /* CFNetwork.framework */,
				20E299DD19F9FE1F00C1A61D /* CoreGraphics.framework */,
				20E299DE19F9FE1F00C1A61D /* CoreLocation.framework */,
				20E299DF19F9FE1F00C1A61D /* libz.dylib */,
				20E299E019F9FE1F00C1A61D /* MobileCoreServices.framework */,
				20E299E119F9FE1F00C1A61D /* QuartzCore.framework */,
				20E299E219F9FE1F00C1A61D /* Security.framework */,
				20E299E319F9FE1F00C1A61D /* StoreKit.framework */,
				20E299E419F9FE1F00C1A61D /* SystemConfiguration.framework */,
				20E299D719F9FDA000C1A61D /* Bolts.framework */,
				20E299D819F9FDA000C1A61D /* Parse.framework */,
			);
			name = Frameworks;
			sourceTree = "<group>";
		};
/* End PBXGroup section */

/* Begin PBXNativeTarget section */
		20AA7BC519D22C5300960290 /* Grouped */ = {
			isa = PBXNativeTarget;
			buildConfigurationList = 20AA7BE519D22C5300960290 /* Build configuration list for PBXNativeTarget "Grouped" */;
			buildPhases = (
				20AA7BC219D22C5300960290 /* Sources */,
				20AA7BC319D22C5300960290 /* Frameworks */,
				20AA7BC419D22C5300960290 /* Resources */,
			);
			buildRules = (
			);
			dependencies = (
			);
			name = Grouped;
			productName = Grouped;
			productReference = 20AA7BC619D22C5300960290 /* Grouped.app */;
			productType = "com.apple.product-type.application";
		};
		20AA7BDA19D22C5300960290 /* GroupedTests */ = {
			isa = PBXNativeTarget;
			buildConfigurationList = 20AA7BE819D22C5300960290 /* Build configuration list for PBXNativeTarget "GroupedTests" */;
			buildPhases = (
				20AA7BD719D22C5300960290 /* Sources */,
				20AA7BD819D22C5300960290 /* Frameworks */,
				20AA7BD919D22C5300960290 /* Resources */,
			);
			buildRules = (
			);
			dependencies = (
				20AA7BDD19D22C5300960290 /* PBXTargetDependency */,
			);
			name = GroupedTests;
			productName = GroupedTests;
			productReference = 20AA7BDB19D22C5300960290 /* GroupedTests.xctest */;
			productType = "com.apple.product-type.bundle.unit-test";
		};
/* End PBXNativeTarget section */

/* Begin PBXProject section */
		20AA7BBE19D22C5300960290 /* Project object */ = {
			isa = PBXProject;
			attributes = {
				LastUpgradeCheck = 0600;
				ORGANIZATIONNAME = "Jonathan Samudio";
				TargetAttributes = {
					20AA7BC519D22C5300960290 = {
						CreatedOnToolsVersion = 6.0;
						DevelopmentTeam = 6QN349HHUB;
						SystemCapabilities = {
							com.apple.Maps.iOS = {
								enabled = 1;
							};
						};
					};
					20AA7BDA19D22C5300960290 = {
						CreatedOnToolsVersion = 6.0;
						TestTargetID = 20AA7BC519D22C5300960290;
					};
				};
			};
			buildConfigurationList = 20AA7BC119D22C5300960290 /* Build configuration list for PBXProject "Grouped" */;
			compatibilityVersion = "Xcode 3.2";
			developmentRegion = English;
			hasScannedForEncodings = 0;
			knownRegions = (
				en,
				Base,
			);
			mainGroup = 20AA7BBD19D22C5300960290;
			productRefGroup = 20AA7BC719D22C5300960290 /* Products */;
			projectDirPath = "";
			projectRoot = "";
			targets = (
				20AA7BC519D22C5300960290 /* Grouped */,
				20AA7BDA19D22C5300960290 /* GroupedTests */,
			);
		};
/* End PBXProject section */

/* Begin PBXResourcesBuildPhase section */
		20AA7BC419D22C5300960290 /* Resources */ = {
			isa = PBXResourcesBuildPhase;
			buildActionMask = 2147483647;
			files = (
				20AA7BD619D22C5300960290 /* LaunchScreen.xib in Resources */,
				79F7640B1A17FD9B009D0283 /* Main.storyboard in Resources */,
				20AA7BD319D22C5300960290 /* Images.xcassets in Resources */,
				522331D81A22F5F50071FF2B /* grouped_bigger_logo.png in Resources */,
			);
			runOnlyForDeploymentPostprocessing = 0;
		};
		20AA7BD919D22C5300960290 /* Resources */ = {
			isa = PBXResourcesBuildPhase;
			buildActionMask = 2147483647;
			files = (
			);
			runOnlyForDeploymentPostprocessing = 0;
		};
/* End PBXResourcesBuildPhase section */

/* Begin PBXSourcesBuildPhase section */
		20AA7BC219D22C5300960290 /* Sources */ = {
			isa = PBXSourcesBuildPhase;
			buildActionMask = 2147483647;
			files = (
				79F1D4AF1A1997400011D5CF /* JoinGroupController.swift in Sources */,
				796CBE2A1A0809A300228A4F /* Group.swift in Sources */,
				20B9504419DB6AD5003BA007 /* ProfileController.swift in Sources */,
				203568D11A07273400EDD5FA /* SignUpViewController.swift in Sources */,
				790C6A1C1A32C36000BFFA25 /* MenuForGroupFinding.swift in Sources */,
				20AA7BCE19D22C5300960290 /* ViewController.swift in Sources */,
				20B9504619DB6E23003BA007 /* NewPostController.swift in Sources */,
				791EC4631A0803F3006E208E /* User.swift in Sources */,
				20B9504019DB6160003BA007 /* CustomCell.swift in Sources */,
				79F1D4AD1A1905E30011D5CF /* CreateGroupController.swift in Sources */,
				20AA7BCC19D22C5300960290 /* AppDelegate.swift in Sources */,
				79F7640D1A180B42009D0283 /* FindController.swift in Sources */,
				79AB76831A18166300319EE2 /* CustomGroupCell.swift in Sources */,
				20B9504219DB6253003BA007 /* FeedController.swift in Sources */,
			);
			runOnlyForDeploymentPostprocessing = 0;
		};
		20AA7BD719D22C5300960290 /* Sources */ = {
			isa = PBXSourcesBuildPhase;
			buildActionMask = 2147483647;
			files = (
				20AA7BE219D22C5300960290 /* GroupedTests.swift in Sources */,
			);
			runOnlyForDeploymentPostprocessing = 0;
		};
/* End PBXSourcesBuildPhase section */

/* Begin PBXTargetDependency section */
		20AA7BDD19D22C5300960290 /* PBXTargetDependency */ = {
			isa = PBXTargetDependency;
			target = 20AA7BC519D22C5300960290 /* Grouped */;
			targetProxy = 20AA7BDC19D22C5300960290 /* PBXContainerItemProxy */;
		};
/* End PBXTargetDependency section */

/* Begin PBXVariantGroup section */
		20AA7BD419D22C5300960290 /* LaunchScreen.xib */ = {
			isa = PBXVariantGroup;
			children = (
				20AA7BD519D22C5300960290 /* Base */,
			);
			name = LaunchScreen.xib;
			sourceTree = "<group>";
		};
		79F764091A17FD9B009D0283 /* Main.storyboard */ = {
			isa = PBXVariantGroup;
			children = (
				79F7640A1A17FD9B009D0283 /* Base */,
			);
			name = Main.storyboard;
			path = ..;
			sourceTree = "<group>";
		};
/* End PBXVariantGroup section */

/* Begin XCBuildConfiguration section */
		20AA7BE319D22C5300960290 /* Debug */ = {
			isa = XCBuildConfiguration;
			buildSettings = {
				ALWAYS_SEARCH_USER_PATHS = NO;
				CLANG_CXX_LANGUAGE_STANDARD = "gnu++0x";
				CLANG_CXX_LIBRARY = "libc++";
				CLANG_ENABLE_MODULES = YES;
				CLANG_ENABLE_OBJC_ARC = YES;
				CLANG_WARN_BOOL_CONVERSION = YES;
				CLANG_WARN_CONSTANT_CONVERSION = YES;
				CLANG_WARN_DIRECT_OBJC_ISA_USAGE = YES_ERROR;
				CLANG_WARN_EMPTY_BODY = YES;
				CLANG_WARN_ENUM_CONVERSION = YES;
				CLANG_WARN_INT_CONVERSION = YES;
				CLANG_WARN_OBJC_ROOT_CLASS = YES_ERROR;
				CLANG_WARN_UNREACHABLE_CODE = YES;
				CLANG_WARN__DUPLICATE_METHOD_MATCH = YES;
				"CODE_SIGN_IDENTITY[sdk=iphoneos*]" = "iPhone Developer";
				COPY_PHASE_STRIP = NO;
				ENABLE_STRICT_OBJC_MSGSEND = YES;
				GCC_C_LANGUAGE_STANDARD = gnu99;
				GCC_DYNAMIC_NO_PIC = NO;
				GCC_OPTIMIZATION_LEVEL = 0;
				GCC_PREPROCESSOR_DEFINITIONS = (
					"DEBUG=1",
					"$(inherited)",
				);
				GCC_SYMBOLS_PRIVATE_EXTERN = NO;
				GCC_WARN_64_TO_32_BIT_CONVERSION = YES;
				GCC_WARN_ABOUT_RETURN_TYPE = YES_ERROR;
				GCC_WARN_UNDECLARED_SELECTOR = YES;
				GCC_WARN_UNINITIALIZED_AUTOS = YES_AGGRESSIVE;
				GCC_WARN_UNUSED_FUNCTION = YES;
				GCC_WARN_UNUSED_VARIABLE = YES;
				IPHONEOS_DEPLOYMENT_TARGET = 8.0;
				MTL_ENABLE_DEBUG_INFO = YES;
				ONLY_ACTIVE_ARCH = YES;
				SDKROOT = iphoneos;
				SWIFT_OPTIMIZATION_LEVEL = "-Onone";
				TARGETED_DEVICE_FAMILY = "1,2";
			};
			name = Debug;
		};
		20AA7BE419D22C5300960290 /* Release */ = {
			isa = XCBuildConfiguration;
			buildSettings = {
				ALWAYS_SEARCH_USER_PATHS = NO;
				CLANG_CXX_LANGUAGE_STANDARD = "gnu++0x";
				CLANG_CXX_LIBRARY = "libc++";
				CLANG_ENABLE_MODULES = YES;
				CLANG_ENABLE_OBJC_ARC = YES;
				CLANG_WARN_BOOL_CONVERSION = YES;
				CLANG_WARN_CONSTANT_CONVERSION = YES;
				CLANG_WARN_DIRECT_OBJC_ISA_USAGE = YES_ERROR;
				CLANG_WARN_EMPTY_BODY = YES;
				CLANG_WARN_ENUM_CONVERSION = YES;
				CLANG_WARN_INT_CONVERSION = YES;
				CLANG_WARN_OBJC_ROOT_CLASS = YES_ERROR;
				CLANG_WARN_UNREACHABLE_CODE = YES;
				CLANG_WARN__DUPLICATE_METHOD_MATCH = YES;
				"CODE_SIGN_IDENTITY[sdk=iphoneos*]" = "iPhone Developer";
				COPY_PHASE_STRIP = YES;
				ENABLE_NS_ASSERTIONS = NO;
				ENABLE_STRICT_OBJC_MSGSEND = YES;
				GCC_C_LANGUAGE_STANDARD = gnu99;
				GCC_WARN_64_TO_32_BIT_CONVERSION = YES;
				GCC_WARN_ABOUT_RETURN_TYPE = YES_ERROR;
				GCC_WARN_UNDECLARED_SELECTOR = YES;
				GCC_WARN_UNINITIALIZED_AUTOS = YES_AGGRESSIVE;
				GCC_WARN_UNUSED_FUNCTION = YES;
				GCC_WARN_UNUSED_VARIABLE = YES;
				IPHONEOS_DEPLOYMENT_TARGET = 8.0;
				MTL_ENABLE_DEBUG_INFO = NO;
				SDKROOT = iphoneos;
				TARGETED_DEVICE_FAMILY = "1,2";
				VALIDATE_PRODUCT = YES;
			};
			name = Release;
		};
		20AA7BE619D22C5300960290 /* Debug */ = {
			isa = XCBuildConfiguration;
			buildSettings = {
				ASSETCATALOG_COMPILER_APPICON_NAME = AppIcon;
				CLANG_ENABLE_MODULES = YES;
				CODE_SIGN_IDENTITY = "iPhone Developer";
				FRAMEWORK_SEARCH_PATHS = (
					"$(inherited)",
					"$(PROJECT_DIR)",
				);
				INFOPLIST_FILE = Grouped/Info.plist;
				LD_RUNPATH_SEARCH_PATHS = "$(inherited) @executable_path/Frameworks";
				PRODUCT_NAME = "$(TARGET_NAME)";
				SWIFT_OBJC_BRIDGING_HEADER = "Grouped/Grouped-Bridging-Header.h";
				SWIFT_OPTIMIZATION_LEVEL = "-Onone";
			};
			name = Debug;
		};
		20AA7BE719D22C5300960290 /* Release */ = {
			isa = XCBuildConfiguration;
			buildSettings = {
				ASSETCATALOG_COMPILER_APPICON_NAME = AppIcon;
				CLANG_ENABLE_MODULES = YES;
				CODE_SIGN_IDENTITY = "iPhone Developer";
				FRAMEWORK_SEARCH_PATHS = (
					"$(inherited)",
					"$(PROJECT_DIR)",
				);
				INFOPLIST_FILE = Grouped/Info.plist;
				LD_RUNPATH_SEARCH_PATHS = "$(inherited) @executable_path/Frameworks";
				PRODUCT_NAME = "$(TARGET_NAME)";
				SWIFT_OBJC_BRIDGING_HEADER = "Grouped/Grouped-Bridging-Header.h";
			};
			name = Release;
		};
		20AA7BE919D22C5300960290 /* Debug */ = {
			isa = XCBuildConfiguration;
			buildSettings = {
				BUNDLE_LOADER = "$(TEST_HOST)";
				FRAMEWORK_SEARCH_PATHS = (
					"$(SDKROOT)/Developer/Library/Frameworks",
					"$(inherited)",
				);
				GCC_PREPROCESSOR_DEFINITIONS = (
					"DEBUG=1",
					"$(inherited)",
				);
				INFOPLIST_FILE = GroupedTests/Info.plist;
				LD_RUNPATH_SEARCH_PATHS = "$(inherited) @executable_path/Frameworks @loader_path/Frameworks";
				PRODUCT_NAME = "$(TARGET_NAME)";
				TEST_HOST = "$(BUILT_PRODUCTS_DIR)/Grouped.app/Grouped";
			};
			name = Debug;
		};
		20AA7BEA19D22C5300960290 /* Release */ = {
			isa = XCBuildConfiguration;
			buildSettings = {
				BUNDLE_LOADER = "$(TEST_HOST)";
				FRAMEWORK_SEARCH_PATHS = (
					"$(SDKROOT)/Developer/Library/Frameworks",
					"$(inherited)",
				);
				INFOPLIST_FILE = GroupedTests/Info.plist;
				LD_RUNPATH_SEARCH_PATHS = "$(inherited) @executable_path/Frameworks @loader_path/Frameworks";
				PRODUCT_NAME = "$(TARGET_NAME)";
				TEST_HOST = "$(BUILT_PRODUCTS_DIR)/Grouped.app/Grouped";
			};
			name = Release;
		};
/* End XCBuildConfiguration section */

/* Begin XCConfigurationList section */
		20AA7BC119D22C5300960290 /* Build configuration list for PBXProject "Grouped" */ = {
			isa = XCConfigurationList;
			buildConfigurations = (
				20AA7BE319D22C5300960290 /* Debug */,
				20AA7BE419D22C5300960290 /* Release */,
			);
			defaultConfigurationIsVisible = 0;
			defaultConfigurationName = Release;
		};
		20AA7BE519D22C5300960290 /* Build configuration list for PBXNativeTarget "Grouped" */ = {
			isa = XCConfigurationList;
			buildConfigurations = (
				20AA7BE619D22C5300960290 /* Debug */,
				20AA7BE719D22C5300960290 /* Release */,
			);
			defaultConfigurationIsVisible = 0;
			defaultConfigurationName = Release;
		};
		20AA7BE819D22C5300960290 /* Build configuration list for PBXNativeTarget "GroupedTests" */ = {
			isa = XCConfigurationList;
			buildConfigurations = (
				20AA7BE919D22C5300960290 /* Debug */,
				20AA7BEA19D22C5300960290 /* Release */,
			);
			defaultConfigurationIsVisible = 0;
			defaultConfigurationName = Release;
		};
/* End XCConfigurationList section */
	};
	rootObject = 20AA7BBE19D22C5300960290 /* Project object */;
}
